
Microsoft Visual Studio Solution File, Format Version 12.00
# Visual Studio Version 16
VisualStudioVersion = 16.0.31911.196
MinimumVisualStudioVersion = 10.0.40219.1
Project("{FAE04EC0-301F-11D3-BF4B-00C04F79EFBC}") = "Frontend.Service", "FrontEnd\Frontend.Service\Frontend.Service.csproj", "{CCD8B041-8FC9-40E0-9499-393513749441}"
EndProject
Project("{2150E333-8FDC-42A3-9474-1A3956D46DE8}") = "Frontend", "Frontend", "{39F270B9-89D2-4C81-9785-8DE338D25289}"
EndProject
Project("{2150E333-8FDC-42A3-9474-1A3956D46DE8}") = "WarehouseBackend", "WarehouseBackend", "{C491BB41-65E5-4F92-8B15-58A6615F0F1A}"
EndProject
Project("{9A19103F-16F7-4668-BE54-9A1E7A4F7556}") = "WarehouseBackend.Service", "WarehouseBackend\WarehouseBackend.Service\WarehouseBackend.Service.csproj", "{AF8F9FF1-FA27-4054-8DBF-C1FFFDEA3C02}"
EndProject
Project("{FAE04EC0-301F-11D3-BF4B-00C04F79EFBC}") = "WarehouseBackend.Models", "WarehouseBackend\WarehouseBackend.Models\WarehouseBackend.Models.csproj", "{4FA3F2F6-3487-400D-A739-C674E2E9448E}"
EndProject
Project("{FAE04EC0-301F-11D3-BF4B-00C04F79EFBC}") = "WarehouseBackend.Core", "WarehouseBackend\WarehouseBackend.Core\WarehouseBackend.Core.csproj", "{E3704AF7-8D74-4D08-AE51-09B2329F17B9}"
EndProject
Project("{FAE04EC0-301F-11D3-BF4B-00C04F79EFBC}") = "WarehouseBackend.DataAccess", "WarehouseBackend\WarehouseBackend.DataAccess\WarehouseBackend.DataAccess.csproj", "{54D14CED-A793-429F-88B9-A0D1C03F0F3D}"
EndProject
Project("{FAE04EC0-301F-11D3-BF4B-00C04F79EFBC}") = "WarehouseBackend.ApiClient", "WarehouseBackend\WarehouseBackend.ApiClient\WarehouseBackend.ApiClient.csproj", "{F36CA37E-5907-4470-8908-4EA6D82E88DA}"
EndProject
Global
	GlobalSection(SolutionConfigurationPlatforms) = preSolution
		Debug|Any CPU = Debug|Any CPU
		Release|Any CPU = Release|Any CPU
	EndGlobalSection
	GlobalSection(ProjectConfigurationPlatforms) = postSolution
		{CCD8B041-8FC9-40E0-9499-393513749441}.Debug|Any CPU.ActiveCfg = Debug|Any CPU
		{CCD8B041-8FC9-40E0-9499-393513749441}.Debug|Any CPU.Build.0 = Debug|Any CPU
		{CCD8B041-8FC9-40E0-9499-393513749441}.Release|Any CPU.ActiveCfg = Release|Any CPU
		{CCD8B041-8FC9-40E0-9499-393513749441}.Release|Any CPU.Build.0 = Release|Any CPU
		{AF8F9FF1-FA27-4054-8DBF-C1FFFDEA3C02}.Debug|Any CPU.ActiveCfg = Debug|Any CPU
		{AF8F9FF1-FA27-4054-8DBF-C1FFFDEA3C02}.Debug|Any CPU.Build.0 = Debug|Any CPU
		{AF8F9FF1-FA27-4054-8DBF-C1FFFDEA3C02}.Release|Any CPU.ActiveCfg = Release|Any CPU
		{AF8F9FF1-FA27-4054-8DBF-C1FFFDEA3C02}.Release|Any CPU.Build.0 = Release|Any CPU
		{4FA3F2F6-3487-400D-A739-C674E2E9448E}.Debug|Any CPU.ActiveCfg = Debug|Any CPU
		{4FA3F2F6-3487-400D-A739-C674E2E9448E}.Debug|Any CPU.Build.0 = Debug|Any CPU
		{4FA3F2F6-3487-400D-A739-C674E2E9448E}.Release|Any CPU.ActiveCfg = Release|Any CPU
		{4FA3F2F6-3487-400D-A739-C674E2E9448E}.Release|Any CPU.Build.0 = Release|Any CPU
		{E3704AF7-8D74-4D08-AE51-09B2329F17B9}.Debug|Any CPU.ActiveCfg = Debug|Any CPU
		{E3704AF7-8D74-4D08-AE51-09B2329F17B9}.Debug|Any CPU.Build.0 = Debug|Any CPU
		{E3704AF7-8D74-4D08-AE51-09B2329F17B9}.Release|Any CPU.ActiveCfg = Release|Any CPU
		{E3704AF7-8D74-4D08-AE51-09B2329F17B9}.Release|Any CPU.Build.0 = Release|Any CPU
		{54D14CED-A793-429F-88B9-A0D1C03F0F3D}.Debug|Any CPU.ActiveCfg = Debug|Any CPU
		{54D14CED-A793-429F-88B9-A0D1C03F0F3D}.Debug|Any CPU.Build.0 = Debug|Any CPU
		{54D14CED-A793-429F-88B9-A0D1C03F0F3D}.Release|Any CPU.ActiveCfg = Release|Any CPU
		{54D14CED-A793-429F-88B9-A0D1C03F0F3D}.Release|Any CPU.Build.0 = Release|Any CPU
		{F36CA37E-5907-4470-8908-4EA6D82E88DA}.Debug|Any CPU.ActiveCfg = Debug|Any CPU
		{F36CA37E-5907-4470-8908-4EA6D82E88DA}.Debug|Any CPU.Build.0 = Debug|Any CPU
		{F36CA37E-5907-4470-8908-4EA6D82E88DA}.Release|Any CPU.ActiveCfg = Release|Any CPU
		{F36CA37E-5907-4470-8908-4EA6D82E88DA}.Release|Any CPU.Build.0 = Release|Any CPU
	EndGlobalSection
	GlobalSection(SolutionProperties) = preSolution
		HideSolutionNode = FALSE
	EndGlobalSection
	GlobalSection(NestedProjects) = preSolution
		{CCD8B041-8FC9-40E0-9499-393513749441} = {39F270B9-89D2-4C81-9785-8DE338D25289}
		{AF8F9FF1-FA27-4054-8DBF-C1FFFDEA3C02} = {C491BB41-65E5-4F92-8B15-58A6615F0F1A}
		{4FA3F2F6-3487-400D-A739-C674E2E9448E} = {C491BB41-65E5-4F92-8B15-58A6615F0F1A}
		{E3704AF7-8D74-4D08-AE51-09B2329F17B9} = {C491BB41-65E5-4F92-8B15-58A6615F0F1A}
		{54D14CED-A793-429F-88B9-A0D1C03F0F3D} = {C491BB41-65E5-4F92-8B15-58A6615F0F1A}
		{F36CA37E-5907-4470-8908-4EA6D82E88DA} = {C491BB41-65E5-4F92-8B15-58A6615F0F1A}
	EndGlobalSection
	GlobalSection(ExtensibilityGlobals) = postSolution
		SolutionGuid = {EE28D83C-FA68-49EF-A95C-4D53D2F395F4}
	EndGlobalSection
EndGlobal
